
Microsoft Visual Studio Solution File, Format Version 12.00
# Visual Studio Version 16
VisualStudioVersion = 16.0.33927.289
MinimumVisualStudioVersion = 10.0.40219.1
Project("{FAE04EC0-301F-11D3-BF4B-00C04F79EFBC}") = "ShopBanGiay", "ShopBanGiay\ShopBanGiay.csproj", "{536E2886-20EF-434A-BB56-E56C39623129}"
EndProject
Global
	GlobalSection(SolutionConfigurationPlatforms) = preSolution
		Debug|Any CPU = Debug|Any CPU
		Release|Any CPU = Release|Any CPU
	EndGlobalSection
	GlobalSection(ProjectConfigurationPlatforms) = postSolution
		{536E2886-20EF-434A-BB56-E56C39623129}.Debug|Any CPU.ActiveCfg = Debug|Any CPU
		{536E2886-20EF-434A-BB56-E56C39623129}.Debug|Any CPU.Build.0 = Debug|Any CPU
		{536E2886-20EF-434A-BB56-E56C39623129}.Release|Any CPU.ActiveCfg = Release|Any CPU
		{536E2886-20EF-434A-BB56-E56C39623129}.Release|Any CPU.Build.0 = Release|Any CPU
	EndGlobalSection
	GlobalSection(SolutionProperties) = preSolution
		HideSolutionNode = FALSE
	EndGlobalSection
	GlobalSection(ExtensibilityGlobals) = postSolution
		SolutionGuid = {2E28BDE8-CD97-4339-97D3-6A6F41A4E449}
	EndGlobalSection
EndGlobal
